
Microsoft Visual Studio Solution File, Format Version 12.00
# Visual Studio Version 17
VisualStudioVersion = 17.10.35004.147
MinimumVisualStudioVersion = 10.0.40219.1
Project("{9A19103F-16F7-4668-BE54-9A1E7A4F7556}") = "API.CDB", "API.CDB.csproj", "{5E7ACAC7-22F3-47AC-A716-DDFC3D035E64}"
EndProject
Project("{9A19103F-16F7-4668-BE54-9A1E7A4F7556}") = "API.CDB.Business", "API.CDB.Business\API.CDB.Business.csproj", "{3069BBA6-E384-4E62-96C9-B31B8A1CD49E}"
EndProject
Project("{9A19103F-16F7-4668-BE54-9A1E7A4F7556}") = "API.CDB.Domain", "API.CDB.Domain\API.CDB.Domain.csproj", "{095AD943-6AAC-4987-9450-3ADE9723F979}"
EndProject
Project("{9A19103F-16F7-4668-BE54-9A1E7A4F7556}") = "API.CDB.IoC", "API.CDB.IoC\API.CDB.IoC.csproj", "{5FF368FF-CC4D-435C-959B-C6D18197667B}"
EndProject
Project("{9A19103F-16F7-4668-BE54-9A1E7A4F7556}") = "API.CDB.Tests", "API.CDB.Tests\API.CDB.Tests.csproj", "{C5666D79-D9A6-401B-B022-19EFB1393F9C}"
EndProject
Project("{54A90642-561A-4BB1-A94E-469ADEE60C69}") = "calculadora-rendimentos", "calculadora-rendimentos\calculadora-rendimentos.esproj", "{96C1DEA1-1F23-4118-BCE6-84B0EA54CAEA}"
EndProject
Global
	GlobalSection(SolutionConfigurationPlatforms) = preSolution
		Debug|Any CPU = Debug|Any CPU
		Release|Any CPU = Release|Any CPU
	EndGlobalSection
	GlobalSection(ProjectConfigurationPlatforms) = postSolution
		{5E7ACAC7-22F3-47AC-A716-DDFC3D035E64}.Debug|Any CPU.ActiveCfg = Debug|Any CPU
		{5E7ACAC7-22F3-47AC-A716-DDFC3D035E64}.Debug|Any CPU.Build.0 = Debug|Any CPU
		{5E7ACAC7-22F3-47AC-A716-DDFC3D035E64}.Release|Any CPU.ActiveCfg = Release|Any CPU
		{5E7ACAC7-22F3-47AC-A716-DDFC3D035E64}.Release|Any CPU.Build.0 = Release|Any CPU
		{3069BBA6-E384-4E62-96C9-B31B8A1CD49E}.Debug|Any CPU.ActiveCfg = Debug|Any CPU
		{3069BBA6-E384-4E62-96C9-B31B8A1CD49E}.Debug|Any CPU.Build.0 = Debug|Any CPU
		{3069BBA6-E384-4E62-96C9-B31B8A1CD49E}.Release|Any CPU.ActiveCfg = Release|Any CPU
		{3069BBA6-E384-4E62-96C9-B31B8A1CD49E}.Release|Any CPU.Build.0 = Release|Any CPU
		{095AD943-6AAC-4987-9450-3ADE9723F979}.Debug|Any CPU.ActiveCfg = Debug|Any CPU
		{095AD943-6AAC-4987-9450-3ADE9723F979}.Debug|Any CPU.Build.0 = Debug|Any CPU
		{095AD943-6AAC-4987-9450-3ADE9723F979}.Release|Any CPU.ActiveCfg = Release|Any CPU
		{095AD943-6AAC-4987-9450-3ADE9723F979}.Release|Any CPU.Build.0 = Release|Any CPU
		{5FF368FF-CC4D-435C-959B-C6D18197667B}.Debug|Any CPU.ActiveCfg = Debug|Any CPU
		{5FF368FF-CC4D-435C-959B-C6D18197667B}.Debug|Any CPU.Build.0 = Debug|Any CPU
		{5FF368FF-CC4D-435C-959B-C6D18197667B}.Release|Any CPU.ActiveCfg = Release|Any CPU
		{5FF368FF-CC4D-435C-959B-C6D18197667B}.Release|Any CPU.Build.0 = Release|Any CPU
		{C5666D79-D9A6-401B-B022-19EFB1393F9C}.Debug|Any CPU.ActiveCfg = Debug|Any CPU
		{C5666D79-D9A6-401B-B022-19EFB1393F9C}.Debug|Any CPU.Build.0 = Debug|Any CPU
		{C5666D79-D9A6-401B-B022-19EFB1393F9C}.Release|Any CPU.ActiveCfg = Release|Any CPU
		{C5666D79-D9A6-401B-B022-19EFB1393F9C}.Release|Any CPU.Build.0 = Release|Any CPU
		{96C1DEA1-1F23-4118-BCE6-84B0EA54CAEA}.Debug|Any CPU.ActiveCfg = Debug|Any CPU
		{96C1DEA1-1F23-4118-BCE6-84B0EA54CAEA}.Debug|Any CPU.Build.0 = Debug|Any CPU
		{96C1DEA1-1F23-4118-BCE6-84B0EA54CAEA}.Debug|Any CPU.Deploy.0 = Debug|Any CPU
		{96C1DEA1-1F23-4118-BCE6-84B0EA54CAEA}.Release|Any CPU.ActiveCfg = Release|Any CPU
		{96C1DEA1-1F23-4118-BCE6-84B0EA54CAEA}.Release|Any CPU.Build.0 = Release|Any CPU
		{96C1DEA1-1F23-4118-BCE6-84B0EA54CAEA}.Release|Any CPU.Deploy.0 = Release|Any CPU
	EndGlobalSection
	GlobalSection(SolutionProperties) = preSolution
		HideSolutionNode = FALSE
	EndGlobalSection
	GlobalSection(ExtensibilityGlobals) = postSolution
		SolutionGuid = {5B41DE03-0560-470D-926D-280FA26BFB27}
	EndGlobalSection
EndGlobal
